
Microsoft Visual Studio Solution File, Format Version 12.00
Project("{FAE04EC0-301F-11D3-BF4B-00C04F79EFBC}") = "AreaCalculator", "AreaCalculator\AreaCalculator.csproj", "{27C606E3-3469-41EB-A45C-58277E9375A1}"
EndProject
Project("{FAE04EC0-301F-11D3-BF4B-00C04F79EFBC}") = "AreaCalculator.Test", "AreaCalculator.Test\AreaCalculator.Test.csproj", "{BDEB1012-D117-45AD-9118-B3CE977D2C0D}"
EndProject
Global
	GlobalSection(SolutionConfigurationPlatforms) = preSolution
		Debug|Any CPU = Debug|Any CPU
		Release|Any CPU = Release|Any CPU
	EndGlobalSection
	GlobalSection(ProjectConfigurationPlatforms) = postSolution
		{27C606E3-3469-41EB-A45C-58277E9375A1}.Debug|Any CPU.ActiveCfg = Debug|Any CPU
		{27C606E3-3469-41EB-A45C-58277E9375A1}.Debug|Any CPU.Build.0 = Debug|Any CPU
		{27C606E3-3469-41EB-A45C-58277E9375A1}.Release|Any CPU.ActiveCfg = Release|Any CPU
		{27C606E3-3469-41EB-A45C-58277E9375A1}.Release|Any CPU.Build.0 = Release|Any CPU
		{BDEB1012-D117-45AD-9118-B3CE977D2C0D}.Debug|Any CPU.ActiveCfg = Debug|Any CPU
		{BDEB1012-D117-45AD-9118-B3CE977D2C0D}.Debug|Any CPU.Build.0 = Debug|Any CPU
		{BDEB1012-D117-45AD-9118-B3CE977D2C0D}.Release|Any CPU.ActiveCfg = Release|Any CPU
		{BDEB1012-D117-45AD-9118-B3CE977D2C0D}.Release|Any CPU.Build.0 = Release|Any CPU
	EndGlobalSection
EndGlobal
